
Microsoft Visual Studio Solution File, Format Version 12.00
# Visual Studio 2013
VisualStudioVersion = 12.0.21005.1
MinimumVisualStudioVersion = 10.0.40219.1
Project("{FAE04EC0-301F-11D3-BF4B-00C04F79EFBC}") = "MundiAPI.PCL", "MundiAPI.PCL/MundiAPI.PCL.csproj", "{e455b284-7264-4cb1-bfcf-e1d1a415badf}"
EndProject
Global
    GlobalSection(SolutionConfigurationPlatforms) = preSolution
        Debug|Any CPU = Debug|Any CPU
        Release|Any CPU = Release|Any CPU
    EndGlobalSection
    GlobalSection(ProjectConfigurationPlatforms) = postSolution
        {e455b284-7264-4cb1-bfcf-e1d1a415badf}.Debug|Any CPU.ActiveCfg = Debug|Any CPU
        {e455b284-7264-4cb1-bfcf-e1d1a415badf}.Debug|Any CPU.Build.0 = Debug|Any CPU
        {e455b284-7264-4cb1-bfcf-e1d1a415badf}.Release|Any CPU.ActiveCfg = Release|Any CPU
        {e455b284-7264-4cb1-bfcf-e1d1a415badf}.Release|Any CPU.Build.0 = Release|Any CPU
    EndGlobalSection
    GlobalSection(SolutionProperties) = preSolution
        HideSolutionNode = FALSE
    EndGlobalSection
EndGlobal
