Microsoft Visual Studio Solution File, Format Version 12.00
# Visual Studio 2013
VisualStudioVersion = 12.0.21005.1
MinimumVisualStudioVersion = 10.0.40219.1
Project("{FAE04EC0-301F-11D3-BF4B-00C04F79EFBC}") = "MundiAPI.PCL", "MundiAPI.PCL/MundiAPI.PCL.csproj", "{f69aa599-e5fa-4494-a65c-3c274694a6e0}"
EndProject
Project("{FAE04EC0-301F-11D3-BF4B-00C04F79EFBC}") = "MundiAPI.Tests", "MundiAPI.Tests/MundiAPI.Tests.csproj", "{890f3ed1-eb77-454e-aacb-596271e194f2}"
EndProject
Global
    GlobalSection(SolutionConfigurationPlatforms) = preSolution
        Debug|Any CPU = Debug|Any CPU
        Release|Any CPU = Release|Any CPU
    EndGlobalSection
    GlobalSection(ProjectConfigurationPlatforms) = postSolution
        {f69aa599-e5fa-4494-a65c-3c274694a6e0}.Debug|Any CPU.ActiveCfg = Debug|Any CPU
        {f69aa599-e5fa-4494-a65c-3c274694a6e0}.Debug|Any CPU.Build.0 = Debug|Any CPU
        {f69aa599-e5fa-4494-a65c-3c274694a6e0}.Release|Any CPU.ActiveCfg = Release|Any CPU
        {f69aa599-e5fa-4494-a65c-3c274694a6e0}.Release|Any CPU.Build.0 = Release|Any CPU
        {890f3ed1-eb77-454e-aacb-596271e194f2}.Debug|Any CPU.ActiveCfg = Debug|Any CPU
        {890f3ed1-eb77-454e-aacb-596271e194f2}.Debug|Any CPU.Build.0 = Debug|Any CPU
        {890f3ed1-eb77-454e-aacb-596271e194f2}.Release|Any CPU.ActiveCfg = Release|Any CPU
        {890f3ed1-eb77-454e-aacb-596271e194f2}.Release|Any CPU.Build.0 = Release|Any CPU
    EndGlobalSection
    GlobalSection(SolutionProperties) = preSolution
        HideSolutionNode = FALSE
    EndGlobalSection
EndGlobal
